
Microsoft Visual Studio Solution File, Format Version 12.00
# Visual Studio 15
VisualStudioVersion = 15.0.27130.2027
MinimumVisualStudioVersion = 10.0.40219.1
Project("{9A19103F-16F7-4668-BE54-9A1E7A4F7556}") = "TombstoneDeathMod2", "TombstoneDeathMod2.csproj", "{3CFEC1F8-A354-44A3-9FDB-63B07F389674}"
EndProject
Project("{2150E333-8FDC-42A3-9474-1A3956D46DE8}") = "Solution Items", "Solution Items", "{B74E8BFD-9DF8-4BF0-9DC3-4BF920BE0770}"
EndProject
Global
	GlobalSection(SolutionConfigurationPlatforms) = preSolution
		Debug|Any CPU = Debug|Any CPU
		Release|Any CPU = Release|Any CPU
	EndGlobalSection
	GlobalSection(ProjectConfigurationPlatforms) = postSolution
		{3CFEC1F8-A354-44A3-9FDB-63B07F389674}.Debug|Any CPU.ActiveCfg = Debug|Any CPU
		{3CFEC1F8-A354-44A3-9FDB-63B07F389674}.Debug|Any CPU.Build.0 = Debug|Any CPU
		{3CFEC1F8-A354-44A3-9FDB-63B07F389674}.Release|Any CPU.ActiveCfg = Release|Any CPU
		{3CFEC1F8-A354-44A3-9FDB-63B07F389674}.Release|Any CPU.Build.0 = Release|Any CPU
	EndGlobalSection
	GlobalSection(SolutionProperties) = preSolution
		HideSolutionNode = FALSE
	EndGlobalSection
	GlobalSection(ExtensibilityGlobals) = postSolution
		SolutionGuid = {CE30CF1B-ECAC-4D10-9751-4BE430BBEC64}
	EndGlobalSection
EndGlobal
